// !$*UTF8*$!
{
	archiveVersion = 1;
	classes = {
	};
	objectVersion = 46;
	objects = {

/* Begin PBXBuildFile section */
		9CC6C15858683E173FBFBF54 /* Assets.xcassets in Resources */ = {isa = PBXBuildFile; fileRef = 9CC6C6446FC9F727423F0050 /* Assets.xcassets */; };
		9CC6C4A77536A225208CD7D7 /* ViewController.swift in Sources */ = {isa = PBXBuildFile; fileRef = 9CC6C0D24E25561CD5A29E77 /* ViewController.swift */; };
		9CC6C865246A2ACC6B27B0F8 /* AppDelegate.swift in Sources */ = {isa = PBXBuildFile; fileRef = 9CC6C76429B9F653978909F1 /* AppDelegate.swift */; };
		9CC6CB385AB3AC28DB247CEF /* LaunchScreen.storyboard in Resources */ = {isa = PBXBuildFile; fileRef = 9CC6CC930629B53400F90AF2 /* LaunchScreen.storyboard */; };
		9CC6CDFAC5971F156402327F /* Main.storyboard in Resources */ = {isa = PBXBuildFile; fileRef = 9CC6C4CE71677F6372D8BDE3 /* Main.storyboard */; };
/* End PBXBuildFile section */

/* Begin PBXFileReference section */
		9CC6C0D24E25561CD5A29E77 /* ViewController.swift */ = {isa = PBXFileReference; lastKnownFileType = sourcecode.swift; path = ViewController.swift; sourceTree = "<group>"; };
		9CC6C166A9A33DB0FDFCBE41 /* Activity Lifecycle.app */ = {isa = PBXFileReference; explicitFileType = wrapper.application; includeInIndex = 0; path = "Activity Lifecycle.app"; sourceTree = BUILT_PRODUCTS_DIR; };
		9CC6C6446FC9F727423F0050 /* Assets.xcassets */ = {isa = PBXFileReference; lastKnownFileType = folder.assetcatalog; path = Assets.xcassets; sourceTree = "<group>"; };
		9CC6C76429B9F653978909F1 /* AppDelegate.swift */ = {isa = PBXFileReference; lastKnownFileType = sourcecode.swift; path = AppDelegate.swift; sourceTree = "<group>"; };
		9CC6C8826C3B070EE433A221 /* Base */ = {isa = PBXFileReference; lastKnownFileType = file.storyboard; name = Base; path = Base.lproj/LaunchScreen.storyboard; sourceTree = "<group>"; };
		9CC6CDC43330792FDEC316F2 /* Info.plist */ = {isa = PBXFileReference; lastKnownFileType = text.plist.info; path = Info.plist; sourceTree = "<group>"; };
		9CC6CE7BCF1110F946842616 /* Base */ = {isa = PBXFileReference; lastKnownFileType = file.storyboard; name = Base; path = Base.lproj/Main.storyboard; sourceTree = "<group>"; };
/* End PBXFileReference section */

/* Begin PBXFrameworksBuildPhase section */
		9CC6C142F57A7BD339662634 /* Frameworks */ = {
			isa = PBXFrameworksBuildPhase;
			buildActionMask = 2147483647;
			files = (
			);
			runOnlyForDeploymentPostprocessing = 0;
		};
/* End PBXFrameworksBuildPhase section */

/* Begin PBXGroup section */
		9CC6C44CD92759AE19724F47 = {
			isa = PBXGroup;
			children = (
				9CC6C455F020CACD1748E749 /* Products */,
				9CC6CE2D1D40F9F3BC620940 /* Activity Lifecycle */,
			);
			sourceTree = "<group>";
		};
		9CC6C455F020CACD1748E749 /* Products */ = {
			isa = PBXGroup;
			children = (
				9CC6C166A9A33DB0FDFCBE41 /* Activity Lifecycle.app */,
			);
			name = Products;
			sourceTree = "<group>";
		};
		9CC6CE2D1D40F9F3BC620940 /* Activity Lifecycle */ = {
			isa = PBXGroup;
			children = (
				9CC6CDC43330792FDEC316F2 /* Info.plist */,
				9CC6C6446FC9F727423F0050 /* Assets.xcassets */,
				9CC6CC930629B53400F90AF2 /* LaunchScreen.storyboard */,
				9CC6C76429B9F653978909F1 /* AppDelegate.swift */,
				9CC6C4CE71677F6372D8BDE3 /* Main.storyboard */,
				9CC6C0D24E25561CD5A29E77 /* ViewController.swift */,
			);
			path = "Activity Lifecycle";
			sourceTree = "<group>";
		};
/* End PBXGroup section */

/* Begin PBXNativeTarget section */
		9CC6C4FCDADEEE31843C6523 /* Activity Lifecycle */ = {
			isa = PBXNativeTarget;
			buildConfigurationList = 9CC6C988D954FD47FD3A7E24 /* Build configuration list for PBXNativeTarget "Activity Lifecycle" */;
			buildPhases = (
				9CC6CEEADAED21A9A4B3ACF5 /* Sources */,
				9CC6C142F57A7BD339662634 /* Frameworks */,
				9CC6C069BEFA7FD41038F78F /* Resources */,
			);
			buildRules = (
			);
			dependencies = (
			);
			name = "Activity Lifecycle";
			productName = "Activity Lifecycle";
			productReference = 9CC6C166A9A33DB0FDFCBE41 /* Activity Lifecycle.app */;
			productType = "com.apple.product-type.application";
		};
/* End PBXNativeTarget section */

/* Begin PBXProject section */
		9CC6CFD9897D41A77CF0A6CF /* Project object */ = {
			isa = PBXProject;
			attributes = {
				ORGANIZATIONNAME = "Aleksey K";
			};
			buildConfigurationList = 9CC6C8352D420090161E4DF4 /* Build configuration list for PBXProject "Activity Lifecycle" */;
			compatibilityVersion = "Xcode 3.2";
			developmentRegion = English;
			hasScannedForEncodings = 0;
			knownRegions = (
				en,
			);
			mainGroup = 9CC6C44CD92759AE19724F47;
			productRefGroup = 9CC6C455F020CACD1748E749 /* Products */;
			projectDirPath = "";
			projectRoot = "";
			targets = (
				9CC6C4FCDADEEE31843C6523 /* Activity Lifecycle */,
			);
		};
/* End PBXProject section */

/* Begin PBXResourcesBuildPhase section */
		9CC6C069BEFA7FD41038F78F /* Resources */ = {
			isa = PBXResourcesBuildPhase;
			buildActionMask = 2147483647;
			files = (
				9CC6C15858683E173FBFBF54 /* Assets.xcassets in Resources */,
				9CC6CB385AB3AC28DB247CEF /* LaunchScreen.storyboard in Resources */,
				9CC6CDFAC5971F156402327F /* Main.storyboard in Resources */,
			);
			runOnlyForDeploymentPostprocessing = 0;
		};
/* End PBXResourcesBuildPhase section */

/* Begin PBXSourcesBuildPhase section */
		9CC6CEEADAED21A9A4B3ACF5 /* Sources */ = {
			isa = PBXSourcesBuildPhase;
			buildActionMask = 2147483647;
			files = (
				9CC6C865246A2ACC6B27B0F8 /* AppDelegate.swift in Sources */,
				9CC6C4A77536A225208CD7D7 /* ViewController.swift in Sources */,
			);
			runOnlyForDeploymentPostprocessing = 0;
		};
/* End PBXSourcesBuildPhase section */

/* Begin PBXVariantGroup section */
		9CC6C4CE71677F6372D8BDE3 /* Main.storyboard */ = {
			isa = PBXVariantGroup;
			children = (
				9CC6CE7BCF1110F946842616 /* Base */,
			);
			name = Main.storyboard;
			sourceTree = "<group>";
		};
		9CC6CC930629B53400F90AF2 /* LaunchScreen.storyboard */ = {
			isa = PBXVariantGroup;
			children = (
				9CC6C8826C3B070EE433A221 /* Base */,
			);
			name = LaunchScreen.storyboard;
			sourceTree = "<group>";
		};
/* End PBXVariantGroup section */

/* Begin XCBuildConfiguration section */
		9CC6C054D284D2D9B40D32D6 /* Debug */ = {
			isa = XCBuildConfiguration;
			buildSettings = {
				ASSETCATALOG_COMPILER_APPICON_NAME = AppIcon;
				INFOPLIST_FILE = "Activity Lifecycle/Info.plist";
				LD_RUNPATH_SEARCH_PATHS = "$(inherited) @executable_path/Frameworks";
				PRODUCT_BUNDLE_IDENTIFIER = "AK.Activity-Lifecycle";
				PRODUCT_NAME = "$(TARGET_NAME)";
				SWIFT_VERSION = 4.2;
				TARGETED_DEVICE_FAMILY = "1,2";
			};
			name = Debug;
		};
		9CC6C064B0C2C6DD1997CFD9 /* Release */ = {
			isa = XCBuildConfiguration;
			buildSettings = {
				ALWAYS_SEARCH_USER_PATHS = NO;
				CLANG_ANALYZER_NONNULL = YES;
				CLANG_ANALYZER_NUMBER_OBJECT_CONVERSION = YES_AGGRESSIVE;
				CLANG_CXX_LANGUAGE_STANDARD = "gnu++14";
				CLANG_CXX_LIBRARY = "libc++";
				CLANG_ENABLE_MODULES = YES;
				CLANG_ENABLE_OBJC_ARC = YES;
				CLANG_ENABLE_OBJC_WEAK = YES;
				CLANG_WARN_BLOCK_CAPTURE_AUTORELEASING = YES;
				CLANG_WARN_BOOL_CONVERSION = YES;
				CLANG_WARN_COMMA = YES;
				CLANG_WARN_CONSTANT_CONVERSION = YES;
				CLANG_WARN_DEPRECATED_OBJC_IMPLEMENTATIONS = YES;
				CLANG_WARN_DIRECT_OBJC_ISA_USAGE = YES_ERROR;
				CLANG_WARN_DOCUMENTATION_COMMENTS = YES;
				CLANG_WARN_EMPTY_BODY = YES;
				CLANG_WARN_ENUM_CONVERSION = YES;
				CLANG_WARN_INFINITE_RECURSION = YES;
				CLANG_WARN_INT_CONVERSION = YES;
				CLANG_WARN_NON_LITERAL_NULL_CONVERSION = YES;
				CLANG_WARN_OBJC_IMPLICIT_RETAIN_SELF = YES;
				CLANG_WARN_OBJC_LITERAL_CONVERSION = YES;
				CLANG_WARN_OBJC_ROOT_CLASS = YES_ERROR;
				CLANG_WARN_RANGE_LOOP_ANALYSIS = YES;
				CLANG_WARN_STRICT_PROTOTYPES = YES;
				CLANG_WARN_SUSPICIOUS_MOVE = YES;
				CLANG_WARN_UNGUARDED_AVAILABILITY = YES_AGGRESSIVE;
				CLANG_WARN_UNREACHABLE_CODE = YES;
				CLANG_WARN__DUPLICATE_METHOD_MATCH = YES;
				CODE_SIGN_IDENTITY = "iPhone Developer";
				COPY_PHASE_STRIP = NO;
				DEBUG_INFORMATION_FORMAT = "dwarf-with-dsym";
				ENABLE_NS_ASSERTIONS = NO;
				ENABLE_STRICT_OBJC_MSGSEND = YES;
				GCC_C_LANGUAGE_STANDARD = gnu11;
				GCC_NO_COMMON_BLOCKS = YES;
				GCC_WARN_64_TO_32_BIT_CONVERSION = YES;
				GCC_WARN_ABOUT_RETURN_TYPE = YES_ERROR;
				GCC_WARN_UNDECLARED_SELECTOR = YES;
				GCC_WARN_UNINITIALIZED_AUTOS = YES_AGGRESSIVE;
				GCC_WARN_UNUSED_FUNCTION = YES;
				GCC_WARN_UNUSED_VARIABLE = YES;
				IPHONEOS_DEPLOYMENT_TARGET = 12.1;
				MTL_ENABLE_DEBUG_INFO = NO;
				MTL_FAST_MATH = YES;
				SDKROOT = iphoneos;
				SWIFT_OPTIMIZATION_LEVEL = "-Owholemodule";
				VALIDATE_PRODUCT = YES;
			};
			name = Release;
		};
		9CC6C7F4AE4138660AD8B9BF /* Debug */ = {
			isa = XCBuildConfiguration;
			buildSettings = {
				ALWAYS_SEARCH_USER_PATHS = NO;
				CLANG_ANALYZER_NONNULL = YES;
				CLANG_ANALYZER_NUMBER_OBJECT_CONVERSION = YES_AGGRESSIVE;
				CLANG_CXX_LANGUAGE_STANDARD = "gnu++14";
				CLANG_CXX_LIBRARY = "libc++";
				CLANG_ENABLE_MODULES = YES;
				CLANG_ENABLE_OBJC_ARC = YES;
				CLANG_ENABLE_OBJC_WEAK = YES;
				CLANG_WARN_BLOCK_CAPTURE_AUTORELEASING = YES;
				CLANG_WARN_BOOL_CONVERSION = YES;
				CLANG_WARN_COMMA = YES;
				CLANG_WARN_CONSTANT_CONVERSION = YES;
				CLANG_WARN_DEPRECATED_OBJC_IMPLEMENTATIONS = YES;
				CLANG_WARN_DIRECT_OBJC_ISA_USAGE = YES_ERROR;
				CLANG_WARN_DOCUMENTATION_COMMENTS = YES;
				CLANG_WARN_EMPTY_BODY = YES;
				CLANG_WARN_ENUM_CONVERSION = YES;
				CLANG_WARN_INFINITE_RECURSION = YES;
				CLANG_WARN_INT_CONVERSION = YES;
				CLANG_WARN_NON_LITERAL_NULL_CONVERSION = YES;
				CLANG_WARN_OBJC_IMPLICIT_RETAIN_SELF = YES;
				CLANG_WARN_OBJC_LITERAL_CONVERSION = YES;
				CLANG_WARN_OBJC_ROOT_CLASS = YES_ERROR;
				CLANG_WARN_RANGE_LOOP_ANALYSIS = YES;
				CLANG_WARN_STRICT_PROTOTYPES = YES;
				CLANG_WARN_SUSPICIOUS_MOVE = YES;
				CLANG_WARN_UNGUARDED_AVAILABILITY = YES_AGGRESSIVE;
				CLANG_WARN_UNREACHABLE_CODE = YES;
				CLANG_WARN__DUPLICATE_METHOD_MATCH = YES;
				CODE_SIGN_IDENTITY = "iPhone Developer";
				COPY_PHASE_STRIP = NO;
				DEBUG_INFORMATION_FORMAT = dwarf;
				ENABLE_STRICT_OBJC_MSGSEND = YES;
				ENABLE_TESTABILITY = YES;
				GCC_C_LANGUAGE_STANDARD = gnu11;
				GCC_DYNAMIC_NO_PIC = NO;
				GCC_NO_COMMON_BLOCKS = YES;
				GCC_OPTIMIZATION_LEVEL = 0;
				GCC_PREPROCESSOR_DEFINITIONS = (
					"DEBUG=1",
					"$(inherited)",
				);
				GCC_WARN_64_TO_32_BIT_CONVERSION = YES;
				GCC_WARN_ABOUT_RETURN_TYPE = YES_ERROR;
				GCC_WARN_UNDECLARED_SELECTOR = YES;
				GCC_WARN_UNINITIALIZED_AUTOS = YES_AGGRESSIVE;
				GCC_WARN_UNUSED_FUNCTION = YES;
				GCC_WARN_UNUSED_VARIABLE = YES;
				IPHONEOS_DEPLOYMENT_TARGET = 12.1;
				MTL_ENABLE_DEBUG_INFO = INCLUDE_SOURCE;
				MTL_FAST_MATH = YES;
				ONLY_ACTIVE_ARCH = YES;
				SDKROOT = iphoneos;
				SWIFT_ACTIVE_COMPILATION_CONDITIONS = DEBUG;
				SWIFT_OPTIMIZATION_LEVEL = "-Onone";
			};
			name = Debug;
		};
		9CC6CF5FB0A105D3D57885A0 /* Release */ = {
			isa = XCBuildConfiguration;
			buildSettings = {
				ASSETCATALOG_COMPILER_APPICON_NAME = AppIcon;
				INFOPLIST_FILE = "Activity Lifecycle/Info.plist";
				LD_RUNPATH_SEARCH_PATHS = "$(inherited) @executable_path/Frameworks";
				PRODUCT_BUNDLE_IDENTIFIER = "AK.Activity-Lifecycle";
				PRODUCT_NAME = "$(TARGET_NAME)";
				SWIFT_VERSION = 4.2;
				TARGETED_DEVICE_FAMILY = "1,2";
			};
			name = Release;
		};
/* End XCBuildConfiguration section */

/* Begin XCConfigurationList section */
		9CC6C8352D420090161E4DF4 /* Build configuration list for PBXProject "Activity Lifecycle" */ = {
			isa = XCConfigurationList;
			buildConfigurations = (
				9CC6C7F4AE4138660AD8B9BF /* Debug */,
				9CC6C064B0C2C6DD1997CFD9 /* Release */,
			);
			defaultConfigurationIsVisible = 0;
			defaultConfigurationName = Release;
		};
		9CC6C988D954FD47FD3A7E24 /* Build configuration list for PBXNativeTarget "Activity Lifecycle" */ = {
			isa = XCConfigurationList;
			buildConfigurations = (
				9CC6C054D284D2D9B40D32D6 /* Debug */,
				9CC6CF5FB0A105D3D57885A0 /* Release */,
			);
			defaultConfigurationIsVisible = 0;
			defaultConfigurationName = Release;
		};
/* End XCConfigurationList section */
	};
	rootObject = 9CC6CFD9897D41A77CF0A6CF /* Project object */;
}
